
Microsoft Visual Studio Solution File, Format Version 12.00
# Visual Studio 15
VisualStudioVersion = 15.0.27004.2005
MinimumVisualStudioVersion = 10.0.40219.1
Project("{FAE04EC0-301F-11D3-BF4B-00C04F79EFBC}") = "HSDLib", "HSDLib\HSDLib.csproj", "{EFE904B0-4306-40F9-A971-ABC904CB9DD8}"
EndProject
Project("{FAE04EC0-301F-11D3-BF4B-00C04F79EFBC}") = "HSDRawViewer", "HSDRawViewer\HSDRawViewer.csproj", "{755580A7-D09D-4EEC-9129-2DD7A6951A31}"
EndProject
Project("{9A19103F-16F7-4668-BE54-9A1E7A4F7556}") = "HSDRaw", "HSDRaw\HSDRaw.csproj", "{ED9126AF-8A1E-465D-840A-8754A945414D}"
EndProject
Global
	GlobalSection(SolutionConfigurationPlatforms) = preSolution
		Debug|Any CPU = Debug|Any CPU
		Release|Any CPU = Release|Any CPU
	EndGlobalSection
	GlobalSection(ProjectConfigurationPlatforms) = postSolution
		{EFE904B0-4306-40F9-A971-ABC904CB9DD8}.Debug|Any CPU.ActiveCfg = Debug|Any CPU
		{EFE904B0-4306-40F9-A971-ABC904CB9DD8}.Debug|Any CPU.Build.0 = Debug|Any CPU
		{EFE904B0-4306-40F9-A971-ABC904CB9DD8}.Release|Any CPU.ActiveCfg = Release|Any CPU
		{EFE904B0-4306-40F9-A971-ABC904CB9DD8}.Release|Any CPU.Build.0 = Release|Any CPU
		{755580A7-D09D-4EEC-9129-2DD7A6951A31}.Debug|Any CPU.ActiveCfg = Debug|Any CPU
		{755580A7-D09D-4EEC-9129-2DD7A6951A31}.Debug|Any CPU.Build.0 = Debug|Any CPU
		{755580A7-D09D-4EEC-9129-2DD7A6951A31}.Release|Any CPU.ActiveCfg = Release|Any CPU
		{755580A7-D09D-4EEC-9129-2DD7A6951A31}.Release|Any CPU.Build.0 = Release|Any CPU
		{ED9126AF-8A1E-465D-840A-8754A945414D}.Debug|Any CPU.ActiveCfg = Debug|Any CPU
		{ED9126AF-8A1E-465D-840A-8754A945414D}.Debug|Any CPU.Build.0 = Debug|Any CPU
		{ED9126AF-8A1E-465D-840A-8754A945414D}.Release|Any CPU.ActiveCfg = Release|Any CPU
		{ED9126AF-8A1E-465D-840A-8754A945414D}.Release|Any CPU.Build.0 = Release|Any CPU
	EndGlobalSection
	GlobalSection(SolutionProperties) = preSolution
		HideSolutionNode = FALSE
	EndGlobalSection
	GlobalSection(ExtensibilityGlobals) = postSolution
		SolutionGuid = {2BD7BB9C-DCD8-42F4-ACB2-3D190C1103E1}
	EndGlobalSection
EndGlobal
